// !$*UTF8*$!
{
	archiveVersion = 1;
	classes = {
	};
	objectVersion = 46;
	objects = {

/* Begin PBXBuildFile section */
		2E22C3FD1EB33F6000C96570 /* AddViewController.swift in Sources */ = {isa = PBXBuildFile; fileRef = 2E22C3FC1EB33F6000C96570 /* AddViewController.swift */; };
		2E22C3FF1EB3421E00C96570 /* AddItemTableViewController.swift in Sources */ = {isa = PBXBuildFile; fileRef = 2E22C3FE1EB3421E00C96570 /* AddItemTableViewController.swift */; };
		2E22C4011EB3522200C96570 /* NumberAdderApp.swift in Sources */ = {isa = PBXBuildFile; fileRef = 2E22C4001EB3522200C96570 /* NumberAdderApp.swift */; };
		2E24129A1D34FF3900EB5E9F /* AppDelegate.swift in Sources */ = {isa = PBXBuildFile; fileRef = 2E2412991D34FF3900EB5E9F /* AppDelegate.swift */; };
		2E24129F1D34FF3900EB5E9F /* Main.storyboard in Resources */ = {isa = PBXBuildFile; fileRef = 2E24129D1D34FF3900EB5E9F /* Main.storyboard */; };
		2E2412A11D34FF3900EB5E9F /* Assets.xcassets in Resources */ = {isa = PBXBuildFile; fileRef = 2E2412A01D34FF3900EB5E9F /* Assets.xcassets */; };
		2E2412A41D34FF3900EB5E9F /* LaunchScreen.storyboard in Resources */ = {isa = PBXBuildFile; fileRef = 2E2412A21D34FF3900EB5E9F /* LaunchScreen.storyboard */; };
		2E2412BA1D34FF3900EB5E9F /* StateMachineUITests.swift in Sources */ = {isa = PBXBuildFile; fileRef = 2E2412B91D34FF3900EB5E9F /* StateMachineUITests.swift */; };
		2E2412E11D35185D00EB5E9F /* StateMachineLib.h in Headers */ = {isa = PBXBuildFile; fileRef = 2E2412D11D35185D00EB5E9F /* StateMachineLib.h */; settings = {ATTRIBUTES = (Public, ); }; };
		2E2412E41D35185D00EB5E9F /* StateMachine.framework in Frameworks */ = {isa = PBXBuildFile; fileRef = 2E2412CF1D35185D00EB5E9F /* StateMachine.framework */; };
		2E2412E51D35185D00EB5E9F /* StateMachine.framework in Embed Frameworks */ = {isa = PBXBuildFile; fileRef = 2E2412CF1D35185D00EB5E9F /* StateMachine.framework */; settings = {ATTRIBUTES = (CodeSignOnCopy, RemoveHeadersOnCopy, ); }; };
		2E2412ED1D35187500EB5E9F /* StateMachine.swift in Sources */ = {isa = PBXBuildFile; fileRef = 2E2412C71D34FF5100EB5E9F /* StateMachine.swift */; };
		2E55CFED211C6469007A67BC /* Notifier.swift in Sources */ = {isa = PBXBuildFile; fileRef = 2E55CFE5211C6468007A67BC /* Notifier.swift */; };
		2E55CFEF211C6469007A67BC /* Listener.swift in Sources */ = {isa = PBXBuildFile; fileRef = 2E55CFE6211C6468007A67BC /* Listener.swift */; };
		2E55CFF1211C6469007A67BC /* EventListener.swift in Sources */ = {isa = PBXBuildFile; fileRef = 2E55CFE7211C6468007A67BC /* EventListener.swift */; };
		2E55CFF3211C6469007A67BC /* Event.swift in Sources */ = {isa = PBXBuildFile; fileRef = 2E55CFE8211C6469007A67BC /* Event.swift */; };
		2E55CFF5211C6469007A67BC /* NotificationListener.swift in Sources */ = {isa = PBXBuildFile; fileRef = 2E55CFE9211C6469007A67BC /* NotificationListener.swift */; };
		2E55CFF7211C6469007A67BC /* ChangeListener.swift in Sources */ = {isa = PBXBuildFile; fileRef = 2E55CFEA211C6469007A67BC /* ChangeListener.swift */; };
		2E55CFF9211C6469007A67BC /* Helpers.swift in Sources */ = {isa = PBXBuildFile; fileRef = 2E55CFEB211C6469007A67BC /* Helpers.swift */; };
		2E55D009211C67CD007A67BC /* StateMachineTests.swift in Sources */ = {isa = PBXBuildFile; fileRef = 2E55D008211C67CD007A67BC /* StateMachineTests.swift */; };
		2E55D00B211C67CD007A67BC /* StateMachine.framework in Frameworks */ = {isa = PBXBuildFile; fileRef = 2E2412CF1D35185D00EB5E9F /* StateMachine.framework */; };
		2E55D011211C67DE007A67BC /* EventListenerTests.swift in Sources */ = {isa = PBXBuildFile; fileRef = 2E55CFFB211C659F007A67BC /* EventListenerTests.swift */; };
		2E55D012211C67DE007A67BC /* ChangeListenerTests.swift in Sources */ = {isa = PBXBuildFile; fileRef = 2E55CFFA211C659E007A67BC /* ChangeListenerTests.swift */; };
		2E55D013211C67DE007A67BC /* NotificationListenerTests.swift in Sources */ = {isa = PBXBuildFile; fileRef = 2E55CFFC211C659F007A67BC /* NotificationListenerTests.swift */; };
		2E55D014211C67DE007A67BC /* PerformanceTests.swift in Sources */ = {isa = PBXBuildFile; fileRef = 2E55CFFD211C659F007A67BC /* PerformanceTests.swift */; };
		2E55D015211C67DE007A67BC /* StateMachineLibTests.swift in Sources */ = {isa = PBXBuildFile; fileRef = 2E2412DE1D35185D00EB5E9F /* StateMachineLibTests.swift */; };
		2E8E40181EB092280018438A /* TodoTableViewController.swift in Sources */ = {isa = PBXBuildFile; fileRef = 2E8E40171EB092280018438A /* TodoTableViewController.swift */; };
		2E8E401A1EB092C80018438A /* ApplicationService.swift in Sources */ = {isa = PBXBuildFile; fileRef = 2E8E40191EB092C80018438A /* ApplicationService.swift */; };
		2ECE2DE31EB3A32000A061DC /* StateMachineAppTests.swift in Sources */ = {isa = PBXBuildFile; fileRef = 2ECE2DE21EB3A32000A061DC /* StateMachineAppTests.swift */; };
		2ED4671C1EB0F0530017DB71 /* TodoViewController.swift in Sources */ = {isa = PBXBuildFile; fileRef = 2ED4671B1EB0F0530017DB71 /* TodoViewController.swift */; };
/* End PBXBuildFile section */

/* Begin PBXContainerItemProxy section */
		2E2412B61D34FF3900EB5E9F /* PBXContainerItemProxy */ = {
			isa = PBXContainerItemProxy;
			containerPortal = 2E24128E1D34FF3800EB5E9F /* Project object */;
			proxyType = 1;
			remoteGlobalIDString = 2E2412951D34FF3800EB5E9F;
			remoteInfo = StateMachine;
		};
		2E2412E21D35185D00EB5E9F /* PBXContainerItemProxy */ = {
			isa = PBXContainerItemProxy;
			containerPortal = 2E24128E1D34FF3800EB5E9F /* Project object */;
			proxyType = 1;
			remoteGlobalIDString = 2E2412CE1D35185D00EB5E9F;
			remoteInfo = StateMachineLib;
		};
		2E55D00C211C67CD007A67BC /* PBXContainerItemProxy */ = {
			isa = PBXContainerItemProxy;
			containerPortal = 2E24128E1D34FF3800EB5E9F /* Project object */;
			proxyType = 1;
			remoteGlobalIDString = 2E2412CE1D35185D00EB5E9F;
			remoteInfo = StateMachine;
		};
		2ECE2DE51EB3A32000A061DC /* PBXContainerItemProxy */ = {
			isa = PBXContainerItemProxy;
			containerPortal = 2E24128E1D34FF3800EB5E9F /* Project object */;
			proxyType = 1;
			remoteGlobalIDString = 2E2412951D34FF3800EB5E9F;
			remoteInfo = StateMachineApp;
		};
/* End PBXContainerItemProxy section */

/* Begin PBXCopyFilesBuildPhase section */
		2E2412EB1D35185D00EB5E9F /* Embed Frameworks */ = {
			isa = PBXCopyFilesBuildPhase;
			buildActionMask = 2147483647;
			dstPath = "";
			dstSubfolderSpec = 10;
			files = (
				2E2412E51D35185D00EB5E9F /* StateMachine.framework in Embed Frameworks */,
			);
			name = "Embed Frameworks";
			runOnlyForDeploymentPostprocessing = 0;
		};
/* End PBXCopyFilesBuildPhase section */

/* Begin PBXFileReference section */
		2E22C3FC1EB33F6000C96570 /* AddViewController.swift */ = {isa = PBXFileReference; fileEncoding = 4; lastKnownFileType = sourcecode.swift; path = AddViewController.swift; sourceTree = "<group>"; };
		2E22C3FE1EB3421E00C96570 /* AddItemTableViewController.swift */ = {isa = PBXFileReference; fileEncoding = 4; lastKnownFileType = sourcecode.swift; path = AddItemTableViewController.swift; sourceTree = "<group>"; };
		2E22C4001EB3522200C96570 /* NumberAdderApp.swift */ = {isa = PBXFileReference; fileEncoding = 4; lastKnownFileType = sourcecode.swift; path = NumberAdderApp.swift; sourceTree = "<group>"; };
		2E2412961D34FF3900EB5E9F /* StateMachineApp.app */ = {isa = PBXFileReference; explicitFileType = wrapper.application; includeInIndex = 0; path = StateMachineApp.app; sourceTree = BUILT_PRODUCTS_DIR; };
		2E2412991D34FF3900EB5E9F /* AppDelegate.swift */ = {isa = PBXFileReference; lastKnownFileType = sourcecode.swift; path = AppDelegate.swift; sourceTree = "<group>"; };
		2E24129E1D34FF3900EB5E9F /* Base */ = {isa = PBXFileReference; lastKnownFileType = file.storyboard; name = Base; path = Base.lproj/Main.storyboard; sourceTree = "<group>"; };
		2E2412A01D34FF3900EB5E9F /* Assets.xcassets */ = {isa = PBXFileReference; lastKnownFileType = folder.assetcatalog; path = Assets.xcassets; sourceTree = "<group>"; };
		2E2412A31D34FF3900EB5E9F /* Base */ = {isa = PBXFileReference; lastKnownFileType = file.storyboard; name = Base; path = Base.lproj/LaunchScreen.storyboard; sourceTree = "<group>"; };
		2E2412A51D34FF3900EB5E9F /* Info.plist */ = {isa = PBXFileReference; lastKnownFileType = text.plist.xml; path = Info.plist; sourceTree = "<group>"; };
		2E2412B51D34FF3900EB5E9F /* StateMachineUITests.xctest */ = {isa = PBXFileReference; explicitFileType = wrapper.cfbundle; includeInIndex = 0; path = StateMachineUITests.xctest; sourceTree = BUILT_PRODUCTS_DIR; };
		2E2412B91D34FF3900EB5E9F /* StateMachineUITests.swift */ = {isa = PBXFileReference; lastKnownFileType = sourcecode.swift; path = StateMachineUITests.swift; sourceTree = "<group>"; };
		2E2412BB1D34FF3900EB5E9F /* Info.plist */ = {isa = PBXFileReference; lastKnownFileType = text.plist.xml; path = Info.plist; sourceTree = "<group>"; };
		2E2412C71D34FF5100EB5E9F /* StateMachine.swift */ = {isa = PBXFileReference; fileEncoding = 4; lastKnownFileType = sourcecode.swift; path = StateMachine.swift; sourceTree = "<group>"; };
		2E2412C91D35061A00EB5E9F /* StateMachine.playground */ = {isa = PBXFileReference; lastKnownFileType = file.playground; path = StateMachine.playground; sourceTree = "<group>"; xcLanguageSpecificationIdentifier = xcode.lang.swift; };
		2E2412CF1D35185D00EB5E9F /* StateMachine.framework */ = {isa = PBXFileReference; explicitFileType = wrapper.framework; includeInIndex = 0; path = StateMachine.framework; sourceTree = BUILT_PRODUCTS_DIR; };
		2E2412D11D35185D00EB5E9F /* StateMachineLib.h */ = {isa = PBXFileReference; lastKnownFileType = sourcecode.c.h; path = StateMachineLib.h; sourceTree = "<group>"; };
		2E2412D21D35185D00EB5E9F /* Info.plist */ = {isa = PBXFileReference; lastKnownFileType = text.plist.xml; path = Info.plist; sourceTree = "<group>"; };
		2E2412DE1D35185D00EB5E9F /* StateMachineLibTests.swift */ = {isa = PBXFileReference; lastKnownFileType = sourcecode.swift; path = StateMachineLibTests.swift; sourceTree = "<group>"; };
		2E55CFE5211C6468007A67BC /* Notifier.swift */ = {isa = PBXFileReference; fileEncoding = 4; lastKnownFileType = sourcecode.swift; path = Notifier.swift; sourceTree = "<group>"; };
		2E55CFE6211C6468007A67BC /* Listener.swift */ = {isa = PBXFileReference; fileEncoding = 4; lastKnownFileType = sourcecode.swift; path = Listener.swift; sourceTree = "<group>"; };
		2E55CFE7211C6468007A67BC /* EventListener.swift */ = {isa = PBXFileReference; fileEncoding = 4; lastKnownFileType = sourcecode.swift; path = EventListener.swift; sourceTree = "<group>"; };
		2E55CFE8211C6469007A67BC /* Event.swift */ = {isa = PBXFileReference; fileEncoding = 4; lastKnownFileType = sourcecode.swift; path = Event.swift; sourceTree = "<group>"; };
		2E55CFE9211C6469007A67BC /* NotificationListener.swift */ = {isa = PBXFileReference; fileEncoding = 4; lastKnownFileType = sourcecode.swift; path = NotificationListener.swift; sourceTree = "<group>"; };
		2E55CFEA211C6469007A67BC /* ChangeListener.swift */ = {isa = PBXFileReference; fileEncoding = 4; lastKnownFileType = sourcecode.swift; path = ChangeListener.swift; sourceTree = "<group>"; };
		2E55CFEB211C6469007A67BC /* Helpers.swift */ = {isa = PBXFileReference; fileEncoding = 4; lastKnownFileType = sourcecode.swift; path = Helpers.swift; sourceTree = "<group>"; };
		2E55CFFA211C659E007A67BC /* ChangeListenerTests.swift */ = {isa = PBXFileReference; fileEncoding = 4; lastKnownFileType = sourcecode.swift; path = ChangeListenerTests.swift; sourceTree = "<group>"; };
		2E55CFFB211C659F007A67BC /* EventListenerTests.swift */ = {isa = PBXFileReference; fileEncoding = 4; lastKnownFileType = sourcecode.swift; path = EventListenerTests.swift; sourceTree = "<group>"; };
		2E55CFFC211C659F007A67BC /* NotificationListenerTests.swift */ = {isa = PBXFileReference; fileEncoding = 4; lastKnownFileType = sourcecode.swift; path = NotificationListenerTests.swift; sourceTree = "<group>"; };
		2E55CFFD211C659F007A67BC /* PerformanceTests.swift */ = {isa = PBXFileReference; fileEncoding = 4; lastKnownFileType = sourcecode.swift; path = PerformanceTests.swift; sourceTree = "<group>"; };
		2E55D006211C67CD007A67BC /* StateMachineTests.xctest */ = {isa = PBXFileReference; explicitFileType = wrapper.cfbundle; includeInIndex = 0; path = StateMachineTests.xctest; sourceTree = BUILT_PRODUCTS_DIR; };
		2E55D008211C67CD007A67BC /* StateMachineTests.swift */ = {isa = PBXFileReference; lastKnownFileType = sourcecode.swift; path = StateMachineTests.swift; sourceTree = "<group>"; };
		2E55D00A211C67CD007A67BC /* Info.plist */ = {isa = PBXFileReference; lastKnownFileType = text.plist.xml; path = Info.plist; sourceTree = "<group>"; };
		2E8E40171EB092280018438A /* TodoTableViewController.swift */ = {isa = PBXFileReference; fileEncoding = 4; lastKnownFileType = sourcecode.swift; path = TodoTableViewController.swift; sourceTree = "<group>"; };
		2E8E40191EB092C80018438A /* ApplicationService.swift */ = {isa = PBXFileReference; fileEncoding = 4; lastKnownFileType = sourcecode.swift; path = ApplicationService.swift; sourceTree = "<group>"; };
		2ECE2DE01EB3A32000A061DC /* StateMachineAppTests.xctest */ = {isa = PBXFileReference; explicitFileType = wrapper.cfbundle; includeInIndex = 0; path = StateMachineAppTests.xctest; sourceTree = BUILT_PRODUCTS_DIR; };
		2ECE2DE21EB3A32000A061DC /* StateMachineAppTests.swift */ = {isa = PBXFileReference; lastKnownFileType = sourcecode.swift; path = StateMachineAppTests.swift; sourceTree = "<group>"; };
		2ECE2DE41EB3A32000A061DC /* Info.plist */ = {isa = PBXFileReference; lastKnownFileType = text.plist.xml; path = Info.plist; sourceTree = "<group>"; };
		2ED4671B1EB0F0530017DB71 /* TodoViewController.swift */ = {isa = PBXFileReference; fileEncoding = 4; lastKnownFileType = sourcecode.swift; path = TodoViewController.swift; sourceTree = "<group>"; };
/* End PBXFileReference section */

/* Begin PBXFrameworksBuildPhase section */
		2E2412931D34FF3800EB5E9F /* Frameworks */ = {
			isa = PBXFrameworksBuildPhase;
			buildActionMask = 2147483647;
			files = (
				2E2412E41D35185D00EB5E9F /* StateMachine.framework in Frameworks */,
			);
			runOnlyForDeploymentPostprocessing = 0;
		};
		2E2412B21D34FF3900EB5E9F /* Frameworks */ = {
			isa = PBXFrameworksBuildPhase;
			buildActionMask = 2147483647;
			files = (
			);
			runOnlyForDeploymentPostprocessing = 0;
		};
		2E2412CB1D35185D00EB5E9F /* Frameworks */ = {
			isa = PBXFrameworksBuildPhase;
			buildActionMask = 2147483647;
			files = (
			);
			runOnlyForDeploymentPostprocessing = 0;
		};
		2E55D003211C67CD007A67BC /* Frameworks */ = {
			isa = PBXFrameworksBuildPhase;
			buildActionMask = 2147483647;
			files = (
				2E55D00B211C67CD007A67BC /* StateMachine.framework in Frameworks */,
			);
			runOnlyForDeploymentPostprocessing = 0;
		};
		2ECE2DDD1EB3A32000A061DC /* Frameworks */ = {
			isa = PBXFrameworksBuildPhase;
			buildActionMask = 2147483647;
			files = (
			);
			runOnlyForDeploymentPostprocessing = 0;
		};
/* End PBXFrameworksBuildPhase section */

/* Begin PBXGroup section */
		2E22C3F91EB33AA400C96570 /* NumberAdder */ = {
			isa = PBXGroup;
			children = (
				2E22C3FC1EB33F6000C96570 /* AddViewController.swift */,
				2E22C3FE1EB3421E00C96570 /* AddItemTableViewController.swift */,
				2E22C4001EB3522200C96570 /* NumberAdderApp.swift */,
			);
			name = NumberAdder;
			sourceTree = "<group>";
		};
		2E24128D1D34FF3800EB5E9F = {
			isa = PBXGroup;
			children = (
				2E2412981D34FF3900EB5E9F /* StateMachine */,
				2E2412B81D34FF3900EB5E9F /* StateMachineUITests */,
				2E2412D01D35185D00EB5E9F /* StateMachineLib */,
				2ECE2DE11EB3A32000A061DC /* StateMachineAppTests */,
				2E55D007211C67CD007A67BC /* StateMachineTests */,
				2E2412971D34FF3900EB5E9F /* Products */,
			);
			sourceTree = "<group>";
		};
		2E2412971D34FF3900EB5E9F /* Products */ = {
			isa = PBXGroup;
			children = (
				2E2412961D34FF3900EB5E9F /* StateMachineApp.app */,
				2E2412B51D34FF3900EB5E9F /* StateMachineUITests.xctest */,
				2E2412CF1D35185D00EB5E9F /* StateMachine.framework */,
				2ECE2DE01EB3A32000A061DC /* StateMachineAppTests.xctest */,
				2E55D006211C67CD007A67BC /* StateMachineTests.xctest */,
			);
			name = Products;
			sourceTree = "<group>";
		};
		2E2412981D34FF3900EB5E9F /* StateMachine */ = {
			isa = PBXGroup;
			children = (
				2E978AF62138EE1800956065 /* Sources */,
				2E22C3F91EB33AA400C96570 /* NumberAdder */,
				2ED467181EB0EFF80017DB71 /* TodoApp */,
				2E2412991D34FF3900EB5E9F /* AppDelegate.swift */,
				2E24129D1D34FF3900EB5E9F /* Main.storyboard */,
				2E2412A01D34FF3900EB5E9F /* Assets.xcassets */,
				2E2412A21D34FF3900EB5E9F /* LaunchScreen.storyboard */,
				2E2412A51D34FF3900EB5E9F /* Info.plist */,
				2E2412C91D35061A00EB5E9F /* StateMachine.playground */,
			);
			path = StateMachine;
			sourceTree = "<group>";
		};
		2E2412B81D34FF3900EB5E9F /* StateMachineUITests */ = {
			isa = PBXGroup;
			children = (
				2E2412B91D34FF3900EB5E9F /* StateMachineUITests.swift */,
				2E2412BB1D34FF3900EB5E9F /* Info.plist */,
			);
			path = StateMachineUITests;
			sourceTree = "<group>";
		};
		2E2412D01D35185D00EB5E9F /* StateMachineLib */ = {
			isa = PBXGroup;
			children = (
				2E2412D11D35185D00EB5E9F /* StateMachineLib.h */,
				2E2412D21D35185D00EB5E9F /* Info.plist */,
			);
			path = StateMachineLib;
			sourceTree = "<group>";
		};
		2E55D007211C67CD007A67BC /* StateMachineTests */ = {
			isa = PBXGroup;
			children = (
				2E55CFFA211C659E007A67BC /* ChangeListenerTests.swift */,
				2E55CFFB211C659F007A67BC /* EventListenerTests.swift */,
				2E55CFFC211C659F007A67BC /* NotificationListenerTests.swift */,
				2E55CFFD211C659F007A67BC /* PerformanceTests.swift */,
				2E2412DE1D35185D00EB5E9F /* StateMachineLibTests.swift */,
				2E55D008211C67CD007A67BC /* StateMachineTests.swift */,
				2E55D00A211C67CD007A67BC /* Info.plist */,
			);
			path = StateMachineTests;
			sourceTree = "<group>";
		};
		2E978AF62138EE1800956065 /* Sources */ = {
			isa = PBXGroup;
			children = (
				2E2412C71D34FF5100EB5E9F /* StateMachine.swift */,
				2E55CFEA211C6469007A67BC /* ChangeListener.swift */,
				2E55CFE8211C6469007A67BC /* Event.swift */,
				2E55CFE7211C6468007A67BC /* EventListener.swift */,
				2E55CFEB211C6469007A67BC /* Helpers.swift */,
				2E55CFE6211C6468007A67BC /* Listener.swift */,
				2E55CFE9211C6469007A67BC /* NotificationListener.swift */,
				2E55CFE5211C6468007A67BC /* Notifier.swift */,
			);
			name = Sources;
			sourceTree = "<group>";
		};
		2ECE2DE11EB3A32000A061DC /* StateMachineAppTests */ = {
			isa = PBXGroup;
			children = (
				2ECE2DE21EB3A32000A061DC /* StateMachineAppTests.swift */,
				2ECE2DE41EB3A32000A061DC /* Info.plist */,
			);
			path = StateMachineAppTests;
			sourceTree = "<group>";
		};
		2ED467181EB0EFF80017DB71 /* TodoApp */ = {
			isa = PBXGroup;
			children = (
				2E8E40171EB092280018438A /* TodoTableViewController.swift */,
				2E8E40191EB092C80018438A /* ApplicationService.swift */,
				2ED4671B1EB0F0530017DB71 /* TodoViewController.swift */,
			);
			name = TodoApp;
			sourceTree = "<group>";
		};
/* End PBXGroup section */

/* Begin PBXHeadersBuildPhase section */
		2E2412CC1D35185D00EB5E9F /* Headers */ = {
			isa = PBXHeadersBuildPhase;
			buildActionMask = 2147483647;
			files = (
				2E2412E11D35185D00EB5E9F /* StateMachineLib.h in Headers */,
			);
			runOnlyForDeploymentPostprocessing = 0;
		};
/* End PBXHeadersBuildPhase section */

/* Begin PBXNativeTarget section */
		2E2412951D34FF3800EB5E9F /* StateMachineApp */ = {
			isa = PBXNativeTarget;
			buildConfigurationList = 2E2412BE1D34FF3900EB5E9F /* Build configuration list for PBXNativeTarget "StateMachineApp" */;
			buildPhases = (
				2E2412921D34FF3800EB5E9F /* Sources */,
				2E2412931D34FF3800EB5E9F /* Frameworks */,
				2E2412941D34FF3800EB5E9F /* Resources */,
				2E2412EB1D35185D00EB5E9F /* Embed Frameworks */,
			);
			buildRules = (
			);
			dependencies = (
				2E2412E31D35185D00EB5E9F /* PBXTargetDependency */,
			);
			name = StateMachineApp;
			productName = StateMachine;
			productReference = 2E2412961D34FF3900EB5E9F /* StateMachineApp.app */;
			productType = "com.apple.product-type.application";
		};
		2E2412B41D34FF3900EB5E9F /* StateMachineUITests */ = {
			isa = PBXNativeTarget;
			buildConfigurationList = 2E2412C41D34FF3900EB5E9F /* Build configuration list for PBXNativeTarget "StateMachineUITests" */;
			buildPhases = (
				2E2412B11D34FF3900EB5E9F /* Sources */,
				2E2412B21D34FF3900EB5E9F /* Frameworks */,
				2E2412B31D34FF3900EB5E9F /* Resources */,
			);
			buildRules = (
			);
			dependencies = (
				2E2412B71D34FF3900EB5E9F /* PBXTargetDependency */,
			);
			name = StateMachineUITests;
			productName = StateMachineUITests;
			productReference = 2E2412B51D34FF3900EB5E9F /* StateMachineUITests.xctest */;
			productType = "com.apple.product-type.bundle.ui-testing";
		};
		2E2412CE1D35185D00EB5E9F /* StateMachine */ = {
			isa = PBXNativeTarget;
			buildConfigurationList = 2E2412EA1D35185D00EB5E9F /* Build configuration list for PBXNativeTarget "StateMachine" */;
			buildPhases = (
				2E2412CA1D35185D00EB5E9F /* Sources */,
				2E2412CB1D35185D00EB5E9F /* Frameworks */,
				2E2412CC1D35185D00EB5E9F /* Headers */,
				2E2412CD1D35185D00EB5E9F /* Resources */,
			);
			buildRules = (
			);
			dependencies = (
			);
			name = StateMachine;
			productName = StateMachineLib;
			productReference = 2E2412CF1D35185D00EB5E9F /* StateMachine.framework */;
			productType = "com.apple.product-type.framework";
		};
		2E55D005211C67CD007A67BC /* StateMachineTests */ = {
			isa = PBXNativeTarget;
			buildConfigurationList = 2E55D00E211C67CD007A67BC /* Build configuration list for PBXNativeTarget "StateMachineTests" */;
			buildPhases = (
				2E55D002211C67CD007A67BC /* Sources */,
				2E55D003211C67CD007A67BC /* Frameworks */,
				2E55D004211C67CD007A67BC /* Resources */,
			);
			buildRules = (
			);
			dependencies = (
				2E55D00D211C67CD007A67BC /* PBXTargetDependency */,
			);
			name = StateMachineTests;
			productName = StateMachineTests;
			productReference = 2E55D006211C67CD007A67BC /* StateMachineTests.xctest */;
			productType = "com.apple.product-type.bundle.unit-test";
		};
		2ECE2DDF1EB3A32000A061DC /* StateMachineAppTests */ = {
			isa = PBXNativeTarget;
			buildConfigurationList = 2ECE2DE71EB3A32000A061DC /* Build configuration list for PBXNativeTarget "StateMachineAppTests" */;
			buildPhases = (
				2ECE2DDC1EB3A32000A061DC /* Sources */,
				2ECE2DDD1EB3A32000A061DC /* Frameworks */,
				2ECE2DDE1EB3A32000A061DC /* Resources */,
			);
			buildRules = (
			);
			dependencies = (
				2ECE2DE61EB3A32000A061DC /* PBXTargetDependency */,
			);
			name = StateMachineAppTests;
			productName = StateMachineAppTests;
			productReference = 2ECE2DE01EB3A32000A061DC /* StateMachineAppTests.xctest */;
			productType = "com.apple.product-type.bundle.unit-test";
		};
/* End PBXNativeTarget section */

/* Begin PBXProject section */
		2E24128E1D34FF3800EB5E9F /* Project object */ = {
			isa = PBXProject;
			attributes = {
				LastSwiftUpdateCheck = 0940;
				LastUpgradeCheck = 0820;
				ORGANIZATIONNAME = "Pushan Mitra";
				TargetAttributes = {
					2E2412951D34FF3800EB5E9F = {
						CreatedOnToolsVersion = 8.0;
						ProvisioningStyle = Automatic;
					};
					2E2412B41D34FF3900EB5E9F = {
						CreatedOnToolsVersion = 8.0;
						ProvisioningStyle = Automatic;
						TestTargetID = 2E2412951D34FF3800EB5E9F;
					};
					2E2412CE1D35185D00EB5E9F = {
						CreatedOnToolsVersion = 8.0;
						ProvisioningStyle = Automatic;
					};
					2E55D005211C67CD007A67BC = {
						CreatedOnToolsVersion = 9.4.1;
						ProvisioningStyle = Automatic;
					};
					2ECE2DDF1EB3A32000A061DC = {
						CreatedOnToolsVersion = 8.1;
						ProvisioningStyle = Automatic;
						TestTargetID = 2E2412951D34FF3800EB5E9F;
					};
				};
			};
			buildConfigurationList = 2E2412911D34FF3800EB5E9F /* Build configuration list for PBXProject "StateMachine" */;
			compatibilityVersion = "Xcode 3.2";
			developmentRegion = English;
			hasScannedForEncodings = 0;
			knownRegions = (
				en,
				Base,
			);
			mainGroup = 2E24128D1D34FF3800EB5E9F;
			productRefGroup = 2E2412971D34FF3900EB5E9F /* Products */;
			projectDirPath = "";
			projectRoot = "";
			targets = (
				2E2412951D34FF3800EB5E9F /* StateMachineApp */,
				2E2412B41D34FF3900EB5E9F /* StateMachineUITests */,
				2E2412CE1D35185D00EB5E9F /* StateMachine */,
				2ECE2DDF1EB3A32000A061DC /* StateMachineAppTests */,
				2E55D005211C67CD007A67BC /* StateMachineTests */,
			);
		};
/* End PBXProject section */

/* Begin PBXResourcesBuildPhase section */
		2E2412941D34FF3800EB5E9F /* Resources */ = {
			isa = PBXResourcesBuildPhase;
			buildActionMask = 2147483647;
			files = (
				2E2412A41D34FF3900EB5E9F /* LaunchScreen.storyboard in Resources */,
				2E2412A11D34FF3900EB5E9F /* Assets.xcassets in Resources */,
				2E24129F1D34FF3900EB5E9F /* Main.storyboard in Resources */,
			);
			runOnlyForDeploymentPostprocessing = 0;
		};
		2E2412B31D34FF3900EB5E9F /* Resources */ = {
			isa = PBXResourcesBuildPhase;
			buildActionMask = 2147483647;
			files = (
			);
			runOnlyForDeploymentPostprocessing = 0;
		};
		2E2412CD1D35185D00EB5E9F /* Resources */ = {
			isa = PBXResourcesBuildPhase;
			buildActionMask = 2147483647;
			files = (
			);
			runOnlyForDeploymentPostprocessing = 0;
		};
		2E55D004211C67CD007A67BC /* Resources */ = {
			isa = PBXResourcesBuildPhase;
			buildActionMask = 2147483647;
			files = (
			);
			runOnlyForDeploymentPostprocessing = 0;
		};
		2ECE2DDE1EB3A32000A061DC /* Resources */ = {
			isa = PBXResourcesBuildPhase;
			buildActionMask = 2147483647;
			files = (
			);
			runOnlyForDeploymentPostprocessing = 0;
		};
/* End PBXResourcesBuildPhase section */

/* Begin PBXSourcesBuildPhase section */
		2E2412921D34FF3800EB5E9F /* Sources */ = {
			isa = PBXSourcesBuildPhase;
			buildActionMask = 2147483647;
			files = (
				2E22C3FF1EB3421E00C96570 /* AddItemTableViewController.swift in Sources */,
				2E22C4011EB3522200C96570 /* NumberAdderApp.swift in Sources */,
				2ED4671C1EB0F0530017DB71 /* TodoViewController.swift in Sources */,
				2E8E401A1EB092C80018438A /* ApplicationService.swift in Sources */,
				2E22C3FD1EB33F6000C96570 /* AddViewController.swift in Sources */,
				2E8E40181EB092280018438A /* TodoTableViewController.swift in Sources */,
				2E24129A1D34FF3900EB5E9F /* AppDelegate.swift in Sources */,
			);
			runOnlyForDeploymentPostprocessing = 0;
		};
		2E2412B11D34FF3900EB5E9F /* Sources */ = {
			isa = PBXSourcesBuildPhase;
			buildActionMask = 2147483647;
			files = (
				2E2412BA1D34FF3900EB5E9F /* StateMachineUITests.swift in Sources */,
			);
			runOnlyForDeploymentPostprocessing = 0;
		};
		2E2412CA1D35185D00EB5E9F /* Sources */ = {
			isa = PBXSourcesBuildPhase;
			buildActionMask = 2147483647;
			files = (
				2E2412ED1D35187500EB5E9F /* StateMachine.swift in Sources */,
				2E55CFEF211C6469007A67BC /* Listener.swift in Sources */,
				2E55CFF5211C6469007A67BC /* NotificationListener.swift in Sources */,
				2E55CFF9211C6469007A67BC /* Helpers.swift in Sources */,
				2E55CFF7211C6469007A67BC /* ChangeListener.swift in Sources */,
				2E55CFF1211C6469007A67BC /* EventListener.swift in Sources */,
				2E55CFED211C6469007A67BC /* Notifier.swift in Sources */,
				2E55CFF3211C6469007A67BC /* Event.swift in Sources */,
			);
			runOnlyForDeploymentPostprocessing = 0;
		};
		2E55D002211C67CD007A67BC /* Sources */ = {
			isa = PBXSourcesBuildPhase;
			buildActionMask = 2147483647;
			files = (
				2E55D011211C67DE007A67BC /* EventListenerTests.swift in Sources */,
				2E55D012211C67DE007A67BC /* ChangeListenerTests.swift in Sources */,
				2E55D013211C67DE007A67BC /* NotificationListenerTests.swift in Sources */,
				2E55D014211C67DE007A67BC /* PerformanceTests.swift in Sources */,
				2E55D009211C67CD007A67BC /* StateMachineTests.swift in Sources */,
				2E55D015211C67DE007A67BC /* StateMachineLibTests.swift in Sources */,
			);
			runOnlyForDeploymentPostprocessing = 0;
		};
		2ECE2DDC1EB3A32000A061DC /* Sources */ = {
			isa = PBXSourcesBuildPhase;
			buildActionMask = 2147483647;
			files = (
				2ECE2DE31EB3A32000A061DC /* StateMachineAppTests.swift in Sources */,
			);
			runOnlyForDeploymentPostprocessing = 0;
		};
/* End PBXSourcesBuildPhase section */

/* Begin PBXTargetDependency section */
		2E2412B71D34FF3900EB5E9F /* PBXTargetDependency */ = {
			isa = PBXTargetDependency;
			target = 2E2412951D34FF3800EB5E9F /* StateMachineApp */;
			targetProxy = 2E2412B61D34FF3900EB5E9F /* PBXContainerItemProxy */;
		};
		2E2412E31D35185D00EB5E9F /* PBXTargetDependency */ = {
			isa = PBXTargetDependency;
			target = 2E2412CE1D35185D00EB5E9F /* StateMachine */;
			targetProxy = 2E2412E21D35185D00EB5E9F /* PBXContainerItemProxy */;
		};
		2E55D00D211C67CD007A67BC /* PBXTargetDependency */ = {
			isa = PBXTargetDependency;
			target = 2E2412CE1D35185D00EB5E9F /* StateMachine */;
			targetProxy = 2E55D00C211C67CD007A67BC /* PBXContainerItemProxy */;
		};
		2ECE2DE61EB3A32000A061DC /* PBXTargetDependency */ = {
			isa = PBXTargetDependency;
			target = 2E2412951D34FF3800EB5E9F /* StateMachineApp */;
			targetProxy = 2ECE2DE51EB3A32000A061DC /* PBXContainerItemProxy */;
		};
/* End PBXTargetDependency section */

/* Begin PBXVariantGroup section */
		2E24129D1D34FF3900EB5E9F /* Main.storyboard */ = {
			isa = PBXVariantGroup;
			children = (
				2E24129E1D34FF3900EB5E9F /* Base */,
			);
			name = Main.storyboard;
			sourceTree = "<group>";
		};
		2E2412A21D34FF3900EB5E9F /* LaunchScreen.storyboard */ = {
			isa = PBXVariantGroup;
			children = (
				2E2412A31D34FF3900EB5E9F /* Base */,
			);
			name = LaunchScreen.storyboard;
			sourceTree = "<group>";
		};
/* End PBXVariantGroup section */

/* Begin XCBuildConfiguration section */
		2E2412BC1D34FF3900EB5E9F /* Debug */ = {
			isa = XCBuildConfiguration;
			buildSettings = {
				ALWAYS_SEARCH_USER_PATHS = NO;
				CLANG_ANALYZER_NONNULL = YES;
				CLANG_CXX_LANGUAGE_STANDARD = "gnu++0x";
				CLANG_CXX_LIBRARY = "libc++";
				CLANG_ENABLE_MODULES = YES;
				CLANG_ENABLE_OBJC_ARC = YES;
				CLANG_WARN_BOOL_CONVERSION = YES;
				CLANG_WARN_CONSTANT_CONVERSION = YES;
				CLANG_WARN_DIRECT_OBJC_ISA_USAGE = YES_ERROR;
				CLANG_WARN_DOCUMENTATION_COMMENTS = YES;
				CLANG_WARN_EMPTY_BODY = YES;
				CLANG_WARN_ENUM_CONVERSION = YES;
				CLANG_WARN_INFINITE_RECURSION = YES;
				CLANG_WARN_INT_CONVERSION = YES;
				CLANG_WARN_OBJC_ROOT_CLASS = YES_ERROR;
				CLANG_WARN_SUSPICIOUS_MOVE = YES;
				CLANG_WARN_UNREACHABLE_CODE = YES;
				CLANG_WARN__DUPLICATE_METHOD_MATCH = YES;
				"CODE_SIGN_IDENTITY[sdk=iphoneos*]" = "iPhone Developer";
				COPY_PHASE_STRIP = NO;
				DEBUG_INFORMATION_FORMAT = dwarf;
				ENABLE_STRICT_OBJC_MSGSEND = YES;
				ENABLE_TESTABILITY = YES;
				GCC_C_LANGUAGE_STANDARD = gnu99;
				GCC_DYNAMIC_NO_PIC = NO;
				GCC_NO_COMMON_BLOCKS = YES;
				GCC_OPTIMIZATION_LEVEL = 0;
				GCC_PREPROCESSOR_DEFINITIONS = (
					"DEBUG=1",
					"$(inherited)",
				);
				GCC_WARN_64_TO_32_BIT_CONVERSION = YES;
				GCC_WARN_ABOUT_RETURN_TYPE = YES_ERROR;
				GCC_WARN_UNDECLARED_SELECTOR = YES;
				GCC_WARN_UNINITIALIZED_AUTOS = YES_AGGRESSIVE;
				GCC_WARN_UNUSED_FUNCTION = YES;
				GCC_WARN_UNUSED_VARIABLE = YES;
				IPHONEOS_DEPLOYMENT_TARGET = 10.0;
				MTL_ENABLE_DEBUG_INFO = YES;
				ONLY_ACTIVE_ARCH = YES;
				SDKROOT = iphoneos;
				SWIFT_ACTIVE_COMPILATION_CONDITIONS = DEBUG;
				SWIFT_OPTIMIZATION_LEVEL = "-Onone";
				TARGETED_DEVICE_FAMILY = "1,2";
			};
			name = Debug;
		};
		2E2412BD1D34FF3900EB5E9F /* Release */ = {
			isa = XCBuildConfiguration;
			buildSettings = {
				ALWAYS_SEARCH_USER_PATHS = NO;
				CLANG_ANALYZER_NONNULL = YES;
				CLANG_CXX_LANGUAGE_STANDARD = "gnu++0x";
				CLANG_CXX_LIBRARY = "libc++";
				CLANG_ENABLE_MODULES = YES;
				CLANG_ENABLE_OBJC_ARC = YES;
				CLANG_WARN_BOOL_CONVERSION = YES;
				CLANG_WARN_CONSTANT_CONVERSION = YES;
				CLANG_WARN_DIRECT_OBJC_ISA_USAGE = YES_ERROR;
				CLANG_WARN_DOCUMENTATION_COMMENTS = YES;
				CLANG_WARN_EMPTY_BODY = YES;
				CLANG_WARN_ENUM_CONVERSION = YES;
				CLANG_WARN_INFINITE_RECURSION = YES;
				CLANG_WARN_INT_CONVERSION = YES;
				CLANG_WARN_OBJC_ROOT_CLASS = YES_ERROR;
				CLANG_WARN_SUSPICIOUS_MOVE = YES;
				CLANG_WARN_UNREACHABLE_CODE = YES;
				CLANG_WARN__DUPLICATE_METHOD_MATCH = YES;
				"CODE_SIGN_IDENTITY[sdk=iphoneos*]" = "iPhone Developer";
				COPY_PHASE_STRIP = NO;
				DEBUG_INFORMATION_FORMAT = "dwarf-with-dsym";
				ENABLE_NS_ASSERTIONS = NO;
				ENABLE_STRICT_OBJC_MSGSEND = YES;
				GCC_C_LANGUAGE_STANDARD = gnu99;
				GCC_NO_COMMON_BLOCKS = YES;
				GCC_WARN_64_TO_32_BIT_CONVERSION = YES;
				GCC_WARN_ABOUT_RETURN_TYPE = YES_ERROR;
				GCC_WARN_UNDECLARED_SELECTOR = YES;
				GCC_WARN_UNINITIALIZED_AUTOS = YES_AGGRESSIVE;
				GCC_WARN_UNUSED_FUNCTION = YES;
				GCC_WARN_UNUSED_VARIABLE = YES;
				IPHONEOS_DEPLOYMENT_TARGET = 10.0;
				MTL_ENABLE_DEBUG_INFO = NO;
				SDKROOT = iphoneos;
				SWIFT_OPTIMIZATION_LEVEL = "-Owholemodule";
				TARGETED_DEVICE_FAMILY = "1,2";
				VALIDATE_PRODUCT = YES;
			};
			name = Release;
		};
		2E2412BF1D34FF3900EB5E9F /* Debug */ = {
			isa = XCBuildConfiguration;
			buildSettings = {
				ALWAYS_EMBED_SWIFT_STANDARD_LIBRARIES = YES;
				ASSETCATALOG_COMPILER_APPICON_NAME = AppIcon;
				INFOPLIST_FILE = StateMachine/Info.plist;
				LD_RUNPATH_SEARCH_PATHS = "$(inherited) @executable_path/Frameworks";
				PRODUCT_BUNDLE_IDENTIFIER = com.ibm.StateMachine;
				PRODUCT_NAME = "$(TARGET_NAME)";
				SWIFT_VERSION = 3.0.1;
			};
			name = Debug;
		};
		2E2412C01D34FF3900EB5E9F /* Release */ = {
			isa = XCBuildConfiguration;
			buildSettings = {
				ALWAYS_EMBED_SWIFT_STANDARD_LIBRARIES = YES;
				ASSETCATALOG_COMPILER_APPICON_NAME = AppIcon;
				INFOPLIST_FILE = StateMachine/Info.plist;
				LD_RUNPATH_SEARCH_PATHS = "$(inherited) @executable_path/Frameworks";
				PRODUCT_BUNDLE_IDENTIFIER = com.ibm.StateMachine;
				PRODUCT_NAME = "$(TARGET_NAME)";
				SWIFT_VERSION = 3.0.1;
			};
			name = Release;
		};
		2E2412C51D34FF3900EB5E9F /* Debug */ = {
			isa = XCBuildConfiguration;
			buildSettings = {
				INFOPLIST_FILE = StateMachineUITests/Info.plist;
				LD_RUNPATH_SEARCH_PATHS = "$(inherited) @executable_path/Frameworks @loader_path/Frameworks";
				PRODUCT_BUNDLE_IDENTIFIER = com.ibm.StateMachineUITests;
				PRODUCT_NAME = "$(TARGET_NAME)";
				SWIFT_VERSION = 3.0;
				TEST_TARGET_NAME = StateMachine;
			};
			name = Debug;
		};
		2E2412C61D34FF3900EB5E9F /* Release */ = {
			isa = XCBuildConfiguration;
			buildSettings = {
				INFOPLIST_FILE = StateMachineUITests/Info.plist;
				LD_RUNPATH_SEARCH_PATHS = "$(inherited) @executable_path/Frameworks @loader_path/Frameworks";
				PRODUCT_BUNDLE_IDENTIFIER = com.ibm.StateMachineUITests;
				PRODUCT_NAME = "$(TARGET_NAME)";
				SWIFT_VERSION = 3.0;
				TEST_TARGET_NAME = StateMachine;
			};
			name = Release;
		};
		2E2412E61D35185D00EB5E9F /* Debug */ = {
			isa = XCBuildConfiguration;
			buildSettings = {
				"CODE_SIGN_IDENTITY[sdk=iphoneos*]" = "";
				CURRENT_PROJECT_VERSION = 1;
				DEFINES_MODULE = YES;
				DYLIB_COMPATIBILITY_VERSION = 1;
				DYLIB_CURRENT_VERSION = 1;
				DYLIB_INSTALL_NAME_BASE = "@rpath";
				INFOPLIST_FILE = StateMachineLib/Info.plist;
				INSTALL_PATH = "$(LOCAL_LIBRARY_DIR)/Frameworks";
				LD_RUNPATH_SEARCH_PATHS = "$(inherited) @executable_path/Frameworks @loader_path/Frameworks";
				PRODUCT_BUNDLE_IDENTIFIER = com.ibm.StateMachineLib;
				PRODUCT_NAME = "$(TARGET_NAME)";
				SKIP_INSTALL = YES;
				SWIFT_VERSION = 3.0;
				VERSIONING_SYSTEM = "apple-generic";
				VERSION_INFO_PREFIX = "";
			};
			name = Debug;
		};
		2E2412E71D35185D00EB5E9F /* Release */ = {
			isa = XCBuildConfiguration;
			buildSettings = {
				"CODE_SIGN_IDENTITY[sdk=iphoneos*]" = "";
				CURRENT_PROJECT_VERSION = 1;
				DEFINES_MODULE = YES;
				DYLIB_COMPATIBILITY_VERSION = 1;
				DYLIB_CURRENT_VERSION = 1;
				DYLIB_INSTALL_NAME_BASE = "@rpath";
				INFOPLIST_FILE = StateMachineLib/Info.plist;
				INSTALL_PATH = "$(LOCAL_LIBRARY_DIR)/Frameworks";
				LD_RUNPATH_SEARCH_PATHS = "$(inherited) @executable_path/Frameworks @loader_path/Frameworks";
				PRODUCT_BUNDLE_IDENTIFIER = com.ibm.StateMachineLib;
				PRODUCT_NAME = "$(TARGET_NAME)";
				SKIP_INSTALL = YES;
				SWIFT_VERSION = 3.0;
				VERSIONING_SYSTEM = "apple-generic";
				VERSION_INFO_PREFIX = "";
			};
			name = Release;
		};
		2E55D00F211C67CD007A67BC /* Debug */ = {
			isa = XCBuildConfiguration;
			buildSettings = {
				CLANG_ANALYZER_NUMBER_OBJECT_CONVERSION = YES_AGGRESSIVE;
				CLANG_CXX_LANGUAGE_STANDARD = "gnu++14";
				CLANG_ENABLE_OBJC_WEAK = YES;
				CLANG_WARN_BLOCK_CAPTURE_AUTORELEASING = YES;
				CLANG_WARN_COMMA = YES;
				CLANG_WARN_DEPRECATED_OBJC_IMPLEMENTATIONS = YES;
				CLANG_WARN_NON_LITERAL_NULL_CONVERSION = YES;
				CLANG_WARN_OBJC_IMPLICIT_RETAIN_SELF = YES;
				CLANG_WARN_OBJC_LITERAL_CONVERSION = YES;
				CLANG_WARN_RANGE_LOOP_ANALYSIS = YES;
				CLANG_WARN_STRICT_PROTOTYPES = YES;
				CLANG_WARN_UNGUARDED_AVAILABILITY = YES_AGGRESSIVE;
				CODE_SIGN_IDENTITY = "iPhone Developer";
				CODE_SIGN_STYLE = Automatic;
				GCC_C_LANGUAGE_STANDARD = gnu11;
				INFOPLIST_FILE = StateMachineTests/Info.plist;
				IPHONEOS_DEPLOYMENT_TARGET = 11.4;
				LD_RUNPATH_SEARCH_PATHS = "$(inherited) @executable_path/Frameworks @loader_path/Frameworks @executable_path/../Frameworks @loader_path/../Frameworks";
				PRODUCT_BUNDLE_IDENTIFIER = com.pmitra.StateMachineTests;
				PRODUCT_NAME = "$(TARGET_NAME)";
				SWIFT_VERSION = 4.0;
				TARGETED_DEVICE_FAMILY = "1,2";
			};
			name = Debug;
		};
		2E55D010211C67CD007A67BC /* Release */ = {
			isa = XCBuildConfiguration;
			buildSettings = {
				CLANG_ANALYZER_NUMBER_OBJECT_CONVERSION = YES_AGGRESSIVE;
				CLANG_CXX_LANGUAGE_STANDARD = "gnu++14";
				CLANG_ENABLE_OBJC_WEAK = YES;
				CLANG_WARN_BLOCK_CAPTURE_AUTORELEASING = YES;
				CLANG_WARN_COMMA = YES;
				CLANG_WARN_DEPRECATED_OBJC_IMPLEMENTATIONS = YES;
				CLANG_WARN_NON_LITERAL_NULL_CONVERSION = YES;
				CLANG_WARN_OBJC_IMPLICIT_RETAIN_SELF = YES;
				CLANG_WARN_OBJC_LITERAL_CONVERSION = YES;
				CLANG_WARN_RANGE_LOOP_ANALYSIS = YES;
				CLANG_WARN_STRICT_PROTOTYPES = YES;
				CLANG_WARN_UNGUARDED_AVAILABILITY = YES_AGGRESSIVE;
				CODE_SIGN_IDENTITY = "iPhone Developer";
				CODE_SIGN_STYLE = Automatic;
				GCC_C_LANGUAGE_STANDARD = gnu11;
				INFOPLIST_FILE = StateMachineTests/Info.plist;
				IPHONEOS_DEPLOYMENT_TARGET = 11.4;
				LD_RUNPATH_SEARCH_PATHS = "$(inherited) @executable_path/Frameworks @loader_path/Frameworks @executable_path/../Frameworks @loader_path/../Frameworks";
				PRODUCT_BUNDLE_IDENTIFIER = com.pmitra.StateMachineTests;
				PRODUCT_NAME = "$(TARGET_NAME)";
				SWIFT_VERSION = 4.0;
				TARGETED_DEVICE_FAMILY = "1,2";
			};
			name = Release;
		};
		2ECE2DE81EB3A32000A061DC /* Debug */ = {
			isa = XCBuildConfiguration;
			buildSettings = {
				BUNDLE_LOADER = "$(TEST_HOST)";
				CLANG_WARN_SUSPICIOUS_MOVES = YES;
				INFOPLIST_FILE = StateMachineAppTests/Info.plist;
				IPHONEOS_DEPLOYMENT_TARGET = 10.1;
				LD_RUNPATH_SEARCH_PATHS = "$(inherited) @executable_path/Frameworks @loader_path/Frameworks";
				PRODUCT_BUNDLE_IDENTIFIER = com.pmitra.StateMachineAppTests;
				PRODUCT_NAME = "$(TARGET_NAME)";
				SWIFT_VERSION = 3.0;
				TEST_HOST = "$(BUILT_PRODUCTS_DIR)/StateMachineApp.app/StateMachineApp";
			};
			name = Debug;
		};
		2ECE2DE91EB3A32000A061DC /* Release */ = {
			isa = XCBuildConfiguration;
			buildSettings = {
				BUNDLE_LOADER = "$(TEST_HOST)";
				CLANG_WARN_SUSPICIOUS_MOVES = YES;
				INFOPLIST_FILE = StateMachineAppTests/Info.plist;
				IPHONEOS_DEPLOYMENT_TARGET = 10.1;
				LD_RUNPATH_SEARCH_PATHS = "$(inherited) @executable_path/Frameworks @loader_path/Frameworks";
				PRODUCT_BUNDLE_IDENTIFIER = com.pmitra.StateMachineAppTests;
				PRODUCT_NAME = "$(TARGET_NAME)";
				SWIFT_VERSION = 3.0;
				TEST_HOST = "$(BUILT_PRODUCTS_DIR)/StateMachineApp.app/StateMachineApp";
			};
			name = Release;
		};
/* End XCBuildConfiguration section */

/* Begin XCConfigurationList section */
		2E2412911D34FF3800EB5E9F /* Build configuration list for PBXProject "StateMachine" */ = {
			isa = XCConfigurationList;
			buildConfigurations = (
				2E2412BC1D34FF3900EB5E9F /* Debug */,
				2E2412BD1D34FF3900EB5E9F /* Release */,
			);
			defaultConfigurationIsVisible = 0;
			defaultConfigurationName = Release;
		};
		2E2412BE1D34FF3900EB5E9F /* Build configuration list for PBXNativeTarget "StateMachineApp" */ = {
			isa = XCConfigurationList;
			buildConfigurations = (
				2E2412BF1D34FF3900EB5E9F /* Debug */,
				2E2412C01D34FF3900EB5E9F /* Release */,
			);
			defaultConfigurationIsVisible = 0;
			defaultConfigurationName = Release;
		};
		2E2412C41D34FF3900EB5E9F /* Build configuration list for PBXNativeTarget "StateMachineUITests" */ = {
			isa = XCConfigurationList;
			buildConfigurations = (
				2E2412C51D34FF3900EB5E9F /* Debug */,
				2E2412C61D34FF3900EB5E9F /* Release */,
			);
			defaultConfigurationIsVisible = 0;
			defaultConfigurationName = Release;
		};
		2E2412EA1D35185D00EB5E9F /* Build configuration list for PBXNativeTarget "StateMachine" */ = {
			isa = XCConfigurationList;
			buildConfigurations = (
				2E2412E61D35185D00EB5E9F /* Debug */,
				2E2412E71D35185D00EB5E9F /* Release */,
			);
			defaultConfigurationIsVisible = 0;
			defaultConfigurationName = Release;
		};
		2E55D00E211C67CD007A67BC /* Build configuration list for PBXNativeTarget "StateMachineTests" */ = {
			isa = XCConfigurationList;
			buildConfigurations = (
				2E55D00F211C67CD007A67BC /* Debug */,
				2E55D010211C67CD007A67BC /* Release */,
			);
			defaultConfigurationIsVisible = 0;
			defaultConfigurationName = Release;
		};
		2ECE2DE71EB3A32000A061DC /* Build configuration list for PBXNativeTarget "StateMachineAppTests" */ = {
			isa = XCConfigurationList;
			buildConfigurations = (
				2ECE2DE81EB3A32000A061DC /* Debug */,
				2ECE2DE91EB3A32000A061DC /* Release */,
			);
			defaultConfigurationIsVisible = 0;
			defaultConfigurationName = Release;
		};
/* End XCConfigurationList section */
	};
	rootObject = 2E24128E1D34FF3800EB5E9F /* Project object */;
}
